
Microsoft Visual Studio Solution File, Format Version 12.00
# Visual Studio Version 17
VisualStudioVersion = 17.0.31919.166
MinimumVisualStudioVersion = 10.0.40219.1
Project("{FAE04EC0-301F-11D3-BF4B-00C04F79EFBC}") = "EmployeePayroll_CFA", "EmployeePayroll_CFA.csproj", "{DD930271-B715-4331-9764-1292497E09F4}"
EndProject
Project("{FAE04EC0-301F-11D3-BF4B-00C04F79EFBC}") = "BusinessLayer", "..\BusinessLayer\BusinessLayer.csproj", "{3A918255-5CA5-42BD-B49B-3B4640F2D6DB}"
EndProject
Project("{FAE04EC0-301F-11D3-BF4B-00C04F79EFBC}") = "CommonLayer", "..\CommonLayer\CommonLayer.csproj", "{0A770F80-8AF2-4E9C-AA0B-EF6559D6E300}"
EndProject
Project("{FAE04EC0-301F-11D3-BF4B-00C04F79EFBC}") = "RepoLayer", "..\RepoLayer\RepoLayer.csproj", "{717EC8AA-CB26-4B98-AE91-8D692352FCF8}"
EndProject
Global
	GlobalSection(SolutionConfigurationPlatforms) = preSolution
		Debug|Any CPU = Debug|Any CPU
		Release|Any CPU = Release|Any CPU
	EndGlobalSection
	GlobalSection(ProjectConfigurationPlatforms) = postSolution
		{DD930271-B715-4331-9764-1292497E09F4}.Debug|Any CPU.ActiveCfg = Debug|Any CPU
		{DD930271-B715-4331-9764-1292497E09F4}.Debug|Any CPU.Build.0 = Debug|Any CPU
		{DD930271-B715-4331-9764-1292497E09F4}.Release|Any CPU.ActiveCfg = Release|Any CPU
		{DD930271-B715-4331-9764-1292497E09F4}.Release|Any CPU.Build.0 = Release|Any CPU
		{3A918255-5CA5-42BD-B49B-3B4640F2D6DB}.Debug|Any CPU.ActiveCfg = Debug|Any CPU
		{3A918255-5CA5-42BD-B49B-3B4640F2D6DB}.Debug|Any CPU.Build.0 = Debug|Any CPU
		{3A918255-5CA5-42BD-B49B-3B4640F2D6DB}.Release|Any CPU.ActiveCfg = Release|Any CPU
		{3A918255-5CA5-42BD-B49B-3B4640F2D6DB}.Release|Any CPU.Build.0 = Release|Any CPU
		{0A770F80-8AF2-4E9C-AA0B-EF6559D6E300}.Debug|Any CPU.ActiveCfg = Debug|Any CPU
		{0A770F80-8AF2-4E9C-AA0B-EF6559D6E300}.Debug|Any CPU.Build.0 = Debug|Any CPU
		{0A770F80-8AF2-4E9C-AA0B-EF6559D6E300}.Release|Any CPU.ActiveCfg = Release|Any CPU
		{0A770F80-8AF2-4E9C-AA0B-EF6559D6E300}.Release|Any CPU.Build.0 = Release|Any CPU
		{717EC8AA-CB26-4B98-AE91-8D692352FCF8}.Debug|Any CPU.ActiveCfg = Debug|Any CPU
		{717EC8AA-CB26-4B98-AE91-8D692352FCF8}.Debug|Any CPU.Build.0 = Debug|Any CPU
		{717EC8AA-CB26-4B98-AE91-8D692352FCF8}.Release|Any CPU.ActiveCfg = Release|Any CPU
		{717EC8AA-CB26-4B98-AE91-8D692352FCF8}.Release|Any CPU.Build.0 = Release|Any CPU
	EndGlobalSection
	GlobalSection(SolutionProperties) = preSolution
		HideSolutionNode = FALSE
	EndGlobalSection
	GlobalSection(ExtensibilityGlobals) = postSolution
		SolutionGuid = {D8C6E884-82BD-40DD-8B5F-E87E3793CA99}
	EndGlobalSection
EndGlobal
